# This file was autogenerated by Stack.
# You should not edit this file by hand.
# For more information, please see the documentation at:
#   https://docs.haskellstack.org/en/stable/lock_files

packages:
- completed:
    hackage: warp-3.3.5@sha256:aafb4283a8a17b8ae7043109e9a6b055aec9eb9d69cc9ea9bbf0ac6eb27067de,10720
    pantry-tree:
      size: 3898
      sha256: 9c6a0d1249d677f9cd4394ef7efced73b8df8912f817135717d87ed7ed383fa6
  original:
    hackage: warp-3.3.5@sha256:aafb4283a8a17b8ae7043109e9a6b055aec9eb9d69cc9ea9bbf0ac6eb27067de,10720
- completed:
    hackage: http2-2.0.3@sha256:c08885f0fd26ae035b169029b782cc693cc30e4d7a3b6f21a61de31085e8cfae,17644
    pantry-tree:
      size: 44789
      sha256: 954622417a3d9a33975c5ab7e68d3218b0bc383c9f7ee192ee3ac849a63d2613
  original:
    hackage: http2-2.0.3@sha256:c08885f0fd26ae035b169029b782cc693cc30e4d7a3b6f21a61de31085e8cfae,17644
snapshots:
- completed:
    size: 524799
    url: https://raw.githubusercontent.com/commercialhaskell/stackage-snapshots/master/lts/14/17.yaml
    sha256: 1d72b33c0fc048e23f4f18fd76a6ad79dd1d8a3c054644098a71a09855e40c7c
  original: lts-14.17
